<Solution>
  <Configurations>
    <Platform Name="x64" />
  </Configurations>
  <Folder Name="/Solution Items/">
    <File Path=".editorconfig" />
    <File Path="Directory.Build.props" />
    <File Path="Directory.Packages.props" />
  </Folder>
  <Project Path="MmmTool.Core/MmmTool.Core.csproj" />
  <Project Path="external/MmmSdk/MmmSdk.Core/MmmSdk.Core.csproj" />
  <Project Path="external/MmmSdk/MmmSdk.WinUI/MmmSdk.WinUI.csproj">
    <Platform Project="x64" />
  </Project>
  <Project Path="MmmTool/MmmTool.csproj">
    <Platform Project="x64" />
    <Deploy />
  </Project>
</Solution>
